// !$*UTF8*$!
{
	archiveVersion = 1;
	classes = {
	};
	objectVersion = 46;
	objects = {

/* Begin PBXAggregateTarget section */
		"SwiftyFHIR::SwiftyFHIRPackageTests::ProductTarget" /* SwiftyFHIRPackageTests */ = {
			isa = PBXAggregateTarget;
			buildConfigurationList = OBJ_86 /* Build configuration list for PBXAggregateTarget "SwiftyFHIRPackageTests" */;
			buildPhases = (
			);
			dependencies = (
				OBJ_89 /* PBXTargetDependency */,
			);
			name = SwiftyFHIRPackageTests;
			productName = SwiftyFHIRPackageTests;
		};
/* End PBXAggregateTarget section */

/* Begin PBXBuildFile section */
		752F259D24278DA600C3B9AD /* Patient.swift in Sources */ = {isa = PBXBuildFile; fileRef = 752F259C24278DA600C3B9AD /* Patient.swift */; };
		752F259F2427917100C3B9AD /* Address.swift in Sources */ = {isa = PBXBuildFile; fileRef = 752F259E2427917100C3B9AD /* Address.swift */; };
		752F25A1242792D900C3B9AD /* Identifier.swift in Sources */ = {isa = PBXBuildFile; fileRef = 752F25A0242792D900C3B9AD /* Identifier.swift */; };
		752F25A32427938000C3B9AD /* Period.swift in Sources */ = {isa = PBXBuildFile; fileRef = 752F25A22427938000C3B9AD /* Period.swift */; };
		752F25B52427B2DD00C3B9AD /* Patient+Extensions.swift in Sources */ = {isa = PBXBuildFile; fileRef = 752F25B42427B2DD00C3B9AD /* Patient+Extensions.swift */; };
		7548DE1424360D0000C98ECA /* Practitioner.swift in Sources */ = {isa = PBXBuildFile; fileRef = 7548DE1324360D0000C98ECA /* Practitioner.swift */; };
		7548DE1624360EBB00C98ECA /* Practitioner+Extensions.swift in Sources */ = {isa = PBXBuildFile; fileRef = 7548DE1524360EBB00C98ECA /* Practitioner+Extensions.swift */; };
		7548DE182436122F00C98ECA /* Organization.swift in Sources */ = {isa = PBXBuildFile; fileRef = 7548DE172436122F00C98ECA /* Organization.swift */; };
		7548DE1A243612D800C98ECA /* Organization+Extensions.swift in Sources */ = {isa = PBXBuildFile; fileRef = 7548DE19243612D800C98ECA /* Organization+Extensions.swift */; };
		75BCA678233DDB8D0060166E /* SubjectIdentifiable.swift in Sources */ = {isa = PBXBuildFile; fileRef = 75BCA677233DDB8D0060166E /* SubjectIdentifiable.swift */; };
		OBJ_57 /* FHIRError.swift in Sources */ = {isa = PBXBuildFile; fileRef = OBJ_13 /* FHIRError.swift */; };
		OBJ_58 /* Attachment.swift in Sources */ = {isa = PBXBuildFile; fileRef = OBJ_15 /* Attachment.swift */; };
		OBJ_59 /* CodeableConcept.swift in Sources */ = {isa = PBXBuildFile; fileRef = OBJ_16 /* CodeableConcept.swift */; };
		OBJ_60 /* Condition+Extensions.swift in Sources */ = {isa = PBXBuildFile; fileRef = OBJ_17 /* Condition+Extensions.swift */; };
		OBJ_61 /* Condition.swift in Sources */ = {isa = PBXBuildFile; fileRef = OBJ_18 /* Condition.swift */; };
		OBJ_63 /* Media+Extensions.swift in Sources */ = {isa = PBXBuildFile; fileRef = OBJ_20 /* Media+Extensions.swift */; };
		OBJ_64 /* Media.swift in Sources */ = {isa = PBXBuildFile; fileRef = OBJ_21 /* Media.swift */; };
		OBJ_65 /* Medication.swift in Sources */ = {isa = PBXBuildFile; fileRef = OBJ_22 /* Medication.swift */; };
		OBJ_66 /* Method.swift in Sources */ = {isa = PBXBuildFile; fileRef = OBJ_23 /* Method.swift */; };
		OBJ_67 /* Observation+Extensions.swift in Sources */ = {isa = PBXBuildFile; fileRef = OBJ_24 /* Observation+Extensions.swift */; };
		OBJ_68 /* Observation.swift in Sources */ = {isa = PBXBuildFile; fileRef = OBJ_25 /* Observation.swift */; };
		OBJ_69 /* Quantity.swift in Sources */ = {isa = PBXBuildFile; fileRef = OBJ_26 /* Quantity.swift */; };
		OBJ_70 /* ResourceType.swift in Sources */ = {isa = PBXBuildFile; fileRef = OBJ_27 /* ResourceType.swift */; };
		OBJ_71 /* Resource.swift in Sources */ = {isa = PBXBuildFile; fileRef = OBJ_28 /* Resource.swift */; };
		OBJ_72 /* Terminology.swift in Sources */ = {isa = PBXBuildFile; fileRef = OBJ_29 /* Terminology.swift */; };
		OBJ_73 /* ValueSets.swift in Sources */ = {isa = PBXBuildFile; fileRef = OBJ_30 /* ValueSets.swift */; };
		OBJ_74 /* CodeableConcept+Hashable.swift in Sources */ = {isa = PBXBuildFile; fileRef = OBJ_32 /* CodeableConcept+Hashable.swift */; };
		OBJ_75 /* DateFormatters.swift in Sources */ = {isa = PBXBuildFile; fileRef = OBJ_33 /* DateFormatters.swift */; };
		OBJ_76 /* Utils.swift in Sources */ = {isa = PBXBuildFile; fileRef = OBJ_34 /* Utils.swift */; };
		OBJ_77 /* Validation.swift in Sources */ = {isa = PBXBuildFile; fileRef = OBJ_35 /* Validation.swift */; };
		OBJ_84 /* Package.swift in Sources */ = {isa = PBXBuildFile; fileRef = OBJ_6 /* Package.swift */; };
		OBJ_95 /* SwiftyFHIRTests.swift in Sources */ = {isa = PBXBuildFile; fileRef = OBJ_38 /* SwiftyFHIRTests.swift */; };
		OBJ_96 /* XCTestManifests.swift in Sources */ = {isa = PBXBuildFile; fileRef = OBJ_39 /* XCTestManifests.swift */; };
		OBJ_98 /* SwiftyFHIR.framework in Frameworks */ = {isa = PBXBuildFile; fileRef = "SwiftyFHIR::SwiftyFHIR::Product" /* SwiftyFHIR.framework */; };
/* End PBXBuildFile section */

/* Begin PBXContainerItemProxy section */
		75D1CD55233D2E3F00549441 /* PBXContainerItemProxy */ = {
			isa = PBXContainerItemProxy;
			containerPortal = OBJ_1 /* Project object */;
			proxyType = 1;
			remoteGlobalIDString = "SwiftyFHIR::SwiftyFHIR";
			remoteInfo = SwiftyFHIR;
		};
		75D1CD58233D2E6700549441 /* PBXContainerItemProxy */ = {
			isa = PBXContainerItemProxy;
			containerPortal = OBJ_1 /* Project object */;
			proxyType = 1;
			remoteGlobalIDString = "SwiftyFHIR::SwiftyFHIRTests";
			remoteInfo = SwiftyFHIRTests;
		};
/* End PBXContainerItemProxy section */

/* Begin PBXFileReference section */
		752F259C24278DA600C3B9AD /* Patient.swift */ = {isa = PBXFileReference; lastKnownFileType = sourcecode.swift; path = Patient.swift; sourceTree = "<group>"; };
		752F259E2427917100C3B9AD /* Address.swift */ = {isa = PBXFileReference; lastKnownFileType = sourcecode.swift; path = Address.swift; sourceTree = "<group>"; };
		752F25A0242792D900C3B9AD /* Identifier.swift */ = {isa = PBXFileReference; lastKnownFileType = sourcecode.swift; path = Identifier.swift; sourceTree = "<group>"; };
		752F25A22427938000C3B9AD /* Period.swift */ = {isa = PBXFileReference; lastKnownFileType = sourcecode.swift; path = Period.swift; sourceTree = "<group>"; };
		752F25B42427B2DD00C3B9AD /* Patient+Extensions.swift */ = {isa = PBXFileReference; fileEncoding = 4; lastKnownFileType = sourcecode.swift; path = "Patient+Extensions.swift"; sourceTree = "<group>"; };
		7548DE1324360D0000C98ECA /* Practitioner.swift */ = {isa = PBXFileReference; lastKnownFileType = sourcecode.swift; path = Practitioner.swift; sourceTree = "<group>"; };
		7548DE1524360EBB00C98ECA /* Practitioner+Extensions.swift */ = {isa = PBXFileReference; lastKnownFileType = sourcecode.swift; path = "Practitioner+Extensions.swift"; sourceTree = "<group>"; };
		7548DE172436122F00C98ECA /* Organization.swift */ = {isa = PBXFileReference; lastKnownFileType = sourcecode.swift; path = Organization.swift; sourceTree = "<group>"; };
		7548DE19243612D800C98ECA /* Organization+Extensions.swift */ = {isa = PBXFileReference; lastKnownFileType = sourcecode.swift; path = "Organization+Extensions.swift"; sourceTree = "<group>"; };
		75BCA677233DDB8D0060166E /* SubjectIdentifiable.swift */ = {isa = PBXFileReference; lastKnownFileType = sourcecode.swift; path = SubjectIdentifiable.swift; sourceTree = "<group>"; };
		OBJ_13 /* FHIRError.swift */ = {isa = PBXFileReference; lastKnownFileType = sourcecode.swift; path = FHIRError.swift; sourceTree = "<group>"; };
		OBJ_15 /* Attachment.swift */ = {isa = PBXFileReference; lastKnownFileType = sourcecode.swift; path = Attachment.swift; sourceTree = "<group>"; };
		OBJ_16 /* CodeableConcept.swift */ = {isa = PBXFileReference; lastKnownFileType = sourcecode.swift; path = CodeableConcept.swift; sourceTree = "<group>"; };
		OBJ_17 /* Condition+Extensions.swift */ = {isa = PBXFileReference; lastKnownFileType = sourcecode.swift; path = "Condition+Extensions.swift"; sourceTree = "<group>"; };
		OBJ_18 /* Condition.swift */ = {isa = PBXFileReference; lastKnownFileType = sourcecode.swift; path = Condition.swift; sourceTree = "<group>"; };
		OBJ_20 /* Media+Extensions.swift */ = {isa = PBXFileReference; lastKnownFileType = sourcecode.swift; path = "Media+Extensions.swift"; sourceTree = "<group>"; };
		OBJ_21 /* Media.swift */ = {isa = PBXFileReference; lastKnownFileType = sourcecode.swift; path = Media.swift; sourceTree = "<group>"; };
		OBJ_22 /* Medication.swift */ = {isa = PBXFileReference; lastKnownFileType = sourcecode.swift; path = Medication.swift; sourceTree = "<group>"; };
		OBJ_23 /* Method.swift */ = {isa = PBXFileReference; lastKnownFileType = sourcecode.swift; path = Method.swift; sourceTree = "<group>"; };
		OBJ_24 /* Observation+Extensions.swift */ = {isa = PBXFileReference; lastKnownFileType = sourcecode.swift; path = "Observation+Extensions.swift"; sourceTree = "<group>"; };
		OBJ_25 /* Observation.swift */ = {isa = PBXFileReference; lastKnownFileType = sourcecode.swift; path = Observation.swift; sourceTree = "<group>"; };
		OBJ_26 /* Quantity.swift */ = {isa = PBXFileReference; lastKnownFileType = sourcecode.swift; path = Quantity.swift; sourceTree = "<group>"; };
		OBJ_27 /* ResourceType.swift */ = {isa = PBXFileReference; lastKnownFileType = sourcecode.swift; path = ResourceType.swift; sourceTree = "<group>"; };
		OBJ_28 /* Resource.swift */ = {isa = PBXFileReference; lastKnownFileType = sourcecode.swift; path = Resource.swift; sourceTree = "<group>"; };
		OBJ_29 /* Terminology.swift */ = {isa = PBXFileReference; lastKnownFileType = sourcecode.swift; path = Terminology.swift; sourceTree = "<group>"; };
		OBJ_30 /* ValueSets.swift */ = {isa = PBXFileReference; lastKnownFileType = sourcecode.swift; path = ValueSets.swift; sourceTree = "<group>"; };
		OBJ_32 /* CodeableConcept+Hashable.swift */ = {isa = PBXFileReference; lastKnownFileType = sourcecode.swift; path = "CodeableConcept+Hashable.swift"; sourceTree = "<group>"; };
		OBJ_33 /* DateFormatters.swift */ = {isa = PBXFileReference; lastKnownFileType = sourcecode.swift; path = DateFormatters.swift; sourceTree = "<group>"; };
		OBJ_34 /* Utils.swift */ = {isa = PBXFileReference; lastKnownFileType = sourcecode.swift; path = Utils.swift; sourceTree = "<group>"; };
		OBJ_35 /* Validation.swift */ = {isa = PBXFileReference; lastKnownFileType = sourcecode.swift; path = Validation.swift; sourceTree = "<group>"; };
		OBJ_38 /* SwiftyFHIRTests.swift */ = {isa = PBXFileReference; lastKnownFileType = sourcecode.swift; path = SwiftyFHIRTests.swift; sourceTree = "<group>"; };
		OBJ_39 /* XCTestManifests.swift */ = {isa = PBXFileReference; lastKnownFileType = sourcecode.swift; path = XCTestManifests.swift; sourceTree = "<group>"; };
		OBJ_43 /* Example */ = {isa = PBXFileReference; lastKnownFileType = folder; path = Example; sourceTree = SOURCE_ROOT; };
		OBJ_44 /* SwiftyFHIR */ = {isa = PBXFileReference; lastKnownFileType = folder; path = SwiftyFHIR; sourceTree = SOURCE_ROOT; };
		OBJ_45 /* LICENSE */ = {isa = PBXFileReference; lastKnownFileType = text; path = LICENSE; sourceTree = "<group>"; };
		OBJ_46 /* SwiftyFHIR.podspec */ = {isa = PBXFileReference; lastKnownFileType = text; path = SwiftyFHIR.podspec; sourceTree = "<group>"; };
		OBJ_47 /* README.md */ = {isa = PBXFileReference; lastKnownFileType = net.daringfireball.markdown; path = README.md; sourceTree = "<group>"; };
		OBJ_6 /* Package.swift */ = {isa = PBXFileReference; explicitFileType = sourcecode.swift; path = Package.swift; sourceTree = "<group>"; };
		"SwiftyFHIR::SwiftyFHIR::Product" /* SwiftyFHIR.framework */ = {isa = PBXFileReference; lastKnownFileType = wrapper.framework; path = SwiftyFHIR.framework; sourceTree = BUILT_PRODUCTS_DIR; };
		"SwiftyFHIR::SwiftyFHIRTests::Product" /* SwiftyFHIRTests.xctest */ = {isa = PBXFileReference; lastKnownFileType = file; path = SwiftyFHIRTests.xctest; sourceTree = BUILT_PRODUCTS_DIR; };
/* End PBXFileReference section */

/* Begin PBXFrameworksBuildPhase section */
		OBJ_78 /* Frameworks */ = {
			isa = PBXFrameworksBuildPhase;
			buildActionMask = 0;
			files = (
			);
			runOnlyForDeploymentPostprocessing = 0;
		};
		OBJ_97 /* Frameworks */ = {
			isa = PBXFrameworksBuildPhase;
			buildActionMask = 0;
			files = (
				OBJ_98 /* SwiftyFHIR.framework in Frameworks */,
			);
			runOnlyForDeploymentPostprocessing = 0;
		};
/* End PBXFrameworksBuildPhase section */

/* Begin PBXGroup section */
		OBJ_14 /* Models */ = {
			isa = PBXGroup;
			children = (
				OBJ_15 /* Attachment.swift */,
				752F259E2427917100C3B9AD /* Address.swift */,
				752F25A22427938000C3B9AD /* Period.swift */,
				OBJ_16 /* CodeableConcept.swift */,
				OBJ_17 /* Condition+Extensions.swift */,
				OBJ_18 /* Condition.swift */,
				OBJ_20 /* Media+Extensions.swift */,
				752F25A0242792D900C3B9AD /* Identifier.swift */,
				OBJ_21 /* Media.swift */,
				OBJ_22 /* Medication.swift */,
				OBJ_23 /* Method.swift */,
				OBJ_24 /* Observation+Extensions.swift */,
				OBJ_25 /* Observation.swift */,
				OBJ_26 /* Quantity.swift */,
				7548DE172436122F00C98ECA /* Organization.swift */,
				7548DE19243612D800C98ECA /* Organization+Extensions.swift */,
				752F259C24278DA600C3B9AD /* Patient.swift */,
				752F25B42427B2DD00C3B9AD /* Patient+Extensions.swift */,
				7548DE1324360D0000C98ECA /* Practitioner.swift */,
				7548DE1524360EBB00C98ECA /* Practitioner+Extensions.swift */,
				OBJ_27 /* ResourceType.swift */,
				OBJ_28 /* Resource.swift */,
				75BCA677233DDB8D0060166E /* SubjectIdentifiable.swift */,
				OBJ_29 /* Terminology.swift */,
				OBJ_30 /* ValueSets.swift */,
			);
			path = Models;
			sourceTree = "<group>";
		};
		OBJ_31 /* Utils */ = {
			isa = PBXGroup;
			children = (
				OBJ_32 /* CodeableConcept+Hashable.swift */,
				OBJ_33 /* DateFormatters.swift */,
				OBJ_34 /* Utils.swift */,
				OBJ_35 /* Validation.swift */,
			);
			path = Utils;
			sourceTree = "<group>";
		};
		OBJ_36 /* Tests */ = {
			isa = PBXGroup;
			children = (
				OBJ_37 /* SwiftyFHIRTests */,
			);
			name = Tests;
			sourceTree = SOURCE_ROOT;
		};
		OBJ_37 /* SwiftyFHIRTests */ = {
			isa = PBXGroup;
			children = (
				OBJ_38 /* SwiftyFHIRTests.swift */,
				OBJ_39 /* XCTestManifests.swift */,
			);
			name = SwiftyFHIRTests;
			path = Tests/SwiftyFHIRTests;
			sourceTree = SOURCE_ROOT;
		};
		OBJ_40 /* Products */ = {
			isa = PBXGroup;
			children = (
				"SwiftyFHIR::SwiftyFHIR::Product" /* SwiftyFHIR.framework */,
				"SwiftyFHIR::SwiftyFHIRTests::Product" /* SwiftyFHIRTests.xctest */,
			);
			name = Products;
			sourceTree = BUILT_PRODUCTS_DIR;
		};
		OBJ_5 = {
			isa = PBXGroup;
			children = (
				OBJ_6 /* Package.swift */,
				OBJ_7 /* Sources */,
				OBJ_36 /* Tests */,
				OBJ_40 /* Products */,
				OBJ_43 /* Example */,
				OBJ_44 /* SwiftyFHIR */,
				OBJ_45 /* LICENSE */,
				OBJ_46 /* SwiftyFHIR.podspec */,
				OBJ_47 /* README.md */,
			);
			sourceTree = "<group>";
		};
		OBJ_7 /* Sources */ = {
			isa = PBXGroup;
			children = (
				OBJ_13 /* FHIRError.swift */,
				OBJ_14 /* Models */,
				OBJ_31 /* Utils */,
			);
			name = Sources;
			path = SwiftyFHIR/Classes;
			sourceTree = SOURCE_ROOT;
		};
/* End PBXGroup section */

/* Begin PBXNativeTarget section */
		"SwiftyFHIR::SwiftPMPackageDescription" /* SwiftyFHIRPackageDescription */ = {
			isa = PBXNativeTarget;
			buildConfigurationList = OBJ_80 /* Build configuration list for PBXNativeTarget "SwiftyFHIRPackageDescription" */;
			buildPhases = (
				OBJ_83 /* Sources */,
			);
			buildRules = (
			);
			dependencies = (
			);
			name = SwiftyFHIRPackageDescription;
			productName = SwiftyFHIRPackageDescription;
			productType = "com.apple.product-type.framework";
		};
		"SwiftyFHIR::SwiftyFHIR" /* SwiftyFHIR */ = {
			isa = PBXNativeTarget;
			buildConfigurationList = OBJ_49 /* Build configuration list for PBXNativeTarget "SwiftyFHIR" */;
			buildPhases = (
				OBJ_52 /* Sources */,
				OBJ_78 /* Frameworks */,
			);
			buildRules = (
			);
			dependencies = (
			);
			name = SwiftyFHIR;
			productName = SwiftyFHIR;
			productReference = "SwiftyFHIR::SwiftyFHIR::Product" /* SwiftyFHIR.framework */;
			productType = "com.apple.product-type.framework";
		};
		"SwiftyFHIR::SwiftyFHIRTests" /* SwiftyFHIRTests */ = {
			isa = PBXNativeTarget;
			buildConfigurationList = OBJ_91 /* Build configuration list for PBXNativeTarget "SwiftyFHIRTests" */;
			buildPhases = (
				OBJ_94 /* Sources */,
				OBJ_97 /* Frameworks */,
			);
			buildRules = (
			);
			dependencies = (
				OBJ_99 /* PBXTargetDependency */,
			);
			name = SwiftyFHIRTests;
			productName = SwiftyFHIRTests;
			productReference = "SwiftyFHIR::SwiftyFHIRTests::Product" /* SwiftyFHIRTests.xctest */;
			productType = "com.apple.product-type.bundle.unit-test";
		};
/* End PBXNativeTarget section */

/* Begin PBXProject section */
		OBJ_1 /* Project object */ = {
			isa = PBXProject;
			attributes = {
				LastSwiftMigration = 9999;
				LastUpgradeCheck = 9999;
			};
			buildConfigurationList = OBJ_2 /* Build configuration list for PBXProject "SwiftyFHIR" */;
			compatibilityVersion = "Xcode 3.2";
			developmentRegion = English;
			hasScannedForEncodings = 0;
			knownRegions = (
				English,
				en,
			);
			mainGroup = OBJ_5;
			productRefGroup = OBJ_40 /* Products */;
			projectDirPath = "";
			projectRoot = "";
			targets = (
				"SwiftyFHIR::SwiftyFHIR" /* SwiftyFHIR */,
				"SwiftyFHIR::SwiftPMPackageDescription" /* SwiftyFHIRPackageDescription */,
				"SwiftyFHIR::SwiftyFHIRPackageTests::ProductTarget" /* SwiftyFHIRPackageTests */,
				"SwiftyFHIR::SwiftyFHIRTests" /* SwiftyFHIRTests */,
			);
		};
/* End PBXProject section */

/* Begin PBXSourcesBuildPhase section */
		OBJ_52 /* Sources */ = {
			isa = PBXSourcesBuildPhase;
			buildActionMask = 0;
			files = (
				OBJ_57 /* FHIRError.swift in Sources */,
				7548DE182436122F00C98ECA /* Organization.swift in Sources */,
				OBJ_58 /* Attachment.swift in Sources */,
				OBJ_59 /* CodeableConcept.swift in Sources */,
				OBJ_60 /* Condition+Extensions.swift in Sources */,
				OBJ_61 /* Condition.swift in Sources */,
				75BCA678233DDB8D0060166E /* SubjectIdentifiable.swift in Sources */,
				OBJ_63 /* Media+Extensions.swift in Sources */,
				OBJ_64 /* Media.swift in Sources */,
				OBJ_65 /* Medication.swift in Sources */,
				7548DE1424360D0000C98ECA /* Practitioner.swift in Sources */,
				752F25B52427B2DD00C3B9AD /* Patient+Extensions.swift in Sources */,
				OBJ_66 /* Method.swift in Sources */,
				752F25A32427938000C3B9AD /* Period.swift in Sources */,
				7548DE1A243612D800C98ECA /* Organization+Extensions.swift in Sources */,
				OBJ_67 /* Observation+Extensions.swift in Sources */,
				OBJ_68 /* Observation.swift in Sources */,
				OBJ_69 /* Quantity.swift in Sources */,
				OBJ_70 /* ResourceType.swift in Sources */,
				OBJ_71 /* Resource.swift in Sources */,
				OBJ_72 /* Terminology.swift in Sources */,
				752F259F2427917100C3B9AD /* Address.swift in Sources */,
				OBJ_73 /* ValueSets.swift in Sources */,
				OBJ_74 /* CodeableConcept+Hashable.swift in Sources */,
				OBJ_75 /* DateFormatters.swift in Sources */,
				7548DE1624360EBB00C98ECA /* Practitioner+Extensions.swift in Sources */,
				OBJ_76 /* Utils.swift in Sources */,
				OBJ_77 /* Validation.swift in Sources */,
				752F25A1242792D900C3B9AD /* Identifier.swift in Sources */,
				752F259D24278DA600C3B9AD /* Patient.swift in Sources */,
			);
			runOnlyForDeploymentPostprocessing = 0;
		};
		OBJ_83 /* Sources */ = {
			isa = PBXSourcesBuildPhase;
			buildActionMask = 0;
			files = (
				OBJ_84 /* Package.swift in Sources */,
			);
			runOnlyForDeploymentPostprocessing = 0;
		};
		OBJ_94 /* Sources */ = {
			isa = PBXSourcesBuildPhase;
			buildActionMask = 0;
			files = (
				OBJ_95 /* SwiftyFHIRTests.swift in Sources */,
				OBJ_96 /* XCTestManifests.swift in Sources */,
			);
			runOnlyForDeploymentPostprocessing = 0;
		};
/* End PBXSourcesBuildPhase section */

/* Begin PBXTargetDependency section */
		OBJ_89 /* PBXTargetDependency */ = {
			isa = PBXTargetDependency;
			target = "SwiftyFHIR::SwiftyFHIRTests" /* SwiftyFHIRTests */;
			targetProxy = 75D1CD58233D2E6700549441 /* PBXContainerItemProxy */;
		};
		OBJ_99 /* PBXTargetDependency */ = {
			isa = PBXTargetDependency;
			target = "SwiftyFHIR::SwiftyFHIR" /* SwiftyFHIR */;
			targetProxy = 75D1CD55233D2E3F00549441 /* PBXContainerItemProxy */;
		};
/* End PBXTargetDependency section */

/* Begin XCBuildConfiguration section */
		OBJ_3 /* Debug */ = {
			isa = XCBuildConfiguration;
			buildSettings = {
				CLANG_ENABLE_OBJC_ARC = YES;
				COMBINE_HIDPI_IMAGES = YES;
				COPY_PHASE_STRIP = NO;
				DEBUG_INFORMATION_FORMAT = dwarf;
				DYLIB_INSTALL_NAME_BASE = "@rpath";
				ENABLE_NS_ASSERTIONS = YES;
				GCC_OPTIMIZATION_LEVEL = 0;
				GCC_PREPROCESSOR_DEFINITIONS = (
					"$(inherited)",
					"SWIFT_PACKAGE=1",
					"DEBUG=1",
				);
				MACOSX_DEPLOYMENT_TARGET = 10.10;
				ONLY_ACTIVE_ARCH = YES;
				OTHER_LDFLAGS = "-L/usr/local/lib";
				OTHER_SWIFT_FLAGS = "-I/usr/local/include -DXcode";
				PRODUCT_NAME = "$(TARGET_NAME)";
				SDKROOT = macosx;
				SUPPORTED_PLATFORMS = "macosx iphoneos iphonesimulator appletvos appletvsimulator watchos watchsimulator";
				SWIFT_ACTIVE_COMPILATION_CONDITIONS = "$(inherited) SWIFT_PACKAGE DEBUG";
				SWIFT_OPTIMIZATION_LEVEL = "-Onone";
				USE_HEADERMAP = NO;
			};
			name = Debug;
		};
		OBJ_4 /* Release */ = {
			isa = XCBuildConfiguration;
			buildSettings = {
				CLANG_ENABLE_OBJC_ARC = YES;
				COMBINE_HIDPI_IMAGES = YES;
				COPY_PHASE_STRIP = YES;
				DEBUG_INFORMATION_FORMAT = "dwarf-with-dsym";
				DYLIB_INSTALL_NAME_BASE = "@rpath";
				GCC_OPTIMIZATION_LEVEL = s;
				GCC_PREPROCESSOR_DEFINITIONS = (
					"$(inherited)",
					"SWIFT_PACKAGE=1",
				);
				MACOSX_DEPLOYMENT_TARGET = 10.10;
				OTHER_LDFLAGS = "-L/usr/local/lib";
				OTHER_SWIFT_FLAGS = "-I/usr/local/include -DXcode";
				PRODUCT_NAME = "$(TARGET_NAME)";
				SDKROOT = macosx;
				SUPPORTED_PLATFORMS = "macosx iphoneos iphonesimulator appletvos appletvsimulator watchos watchsimulator";
				SWIFT_ACTIVE_COMPILATION_CONDITIONS = "$(inherited) SWIFT_PACKAGE";
				SWIFT_OPTIMIZATION_LEVEL = "-Owholemodule";
				USE_HEADERMAP = NO;
			};
			name = Release;
		};
		OBJ_50 /* Debug */ = {
			isa = XCBuildConfiguration;
			buildSettings = {
				ENABLE_TESTABILITY = YES;
				FRAMEWORK_SEARCH_PATHS = (
					"$(inherited)",
					"$(PLATFORM_DIR)/Developer/Library/Frameworks",
				);
				HEADER_SEARCH_PATHS = "$(inherited)";
				INFOPLIST_FILE = SwiftyFHIR.xcodeproj/SwiftyFHIR_Info.plist;
				IPHONEOS_DEPLOYMENT_TARGET = 8.0;
				LD_RUNPATH_SEARCH_PATHS = "$(inherited) $(TOOLCHAIN_DIR)/usr/lib/swift/macosx";
				MACOSX_DEPLOYMENT_TARGET = 10.10;
				OTHER_CFLAGS = "$(inherited)";
				OTHER_LDFLAGS = "$(inherited)";
				OTHER_SWIFT_FLAGS = "$(inherited)";
				PRODUCT_BUNDLE_IDENTIFIER = SwiftyFHIR;
				PRODUCT_MODULE_NAME = "$(TARGET_NAME:c99extidentifier)";
				PRODUCT_NAME = "$(TARGET_NAME:c99extidentifier)";
				SKIP_INSTALL = YES;
				SWIFT_ACTIVE_COMPILATION_CONDITIONS = "$(inherited)";
				SWIFT_VERSION = 5.0;
				TARGET_NAME = SwiftyFHIR;
				TVOS_DEPLOYMENT_TARGET = 9.0;
				WATCHOS_DEPLOYMENT_TARGET = 2.0;
			};
			name = Debug;
		};
		OBJ_51 /* Release */ = {
			isa = XCBuildConfiguration;
			buildSettings = {
				ENABLE_TESTABILITY = YES;
				FRAMEWORK_SEARCH_PATHS = (
					"$(inherited)",
					"$(PLATFORM_DIR)/Developer/Library/Frameworks",
				);
				HEADER_SEARCH_PATHS = "$(inherited)";
				INFOPLIST_FILE = SwiftyFHIR.xcodeproj/SwiftyFHIR_Info.plist;
				IPHONEOS_DEPLOYMENT_TARGET = 8.0;
				LD_RUNPATH_SEARCH_PATHS = "$(inherited) $(TOOLCHAIN_DIR)/usr/lib/swift/macosx";
				MACOSX_DEPLOYMENT_TARGET = 10.10;
				OTHER_CFLAGS = "$(inherited)";
				OTHER_LDFLAGS = "$(inherited)";
				OTHER_SWIFT_FLAGS = "$(inherited)";
				PRODUCT_BUNDLE_IDENTIFIER = SwiftyFHIR;
				PRODUCT_MODULE_NAME = "$(TARGET_NAME:c99extidentifier)";
				PRODUCT_NAME = "$(TARGET_NAME:c99extidentifier)";
				SKIP_INSTALL = YES;
				SWIFT_ACTIVE_COMPILATION_CONDITIONS = "$(inherited)";
				SWIFT_VERSION = 5.0;
				TARGET_NAME = SwiftyFHIR;
				TVOS_DEPLOYMENT_TARGET = 9.0;
				WATCHOS_DEPLOYMENT_TARGET = 2.0;
			};
			name = Release;
		};
		OBJ_81 /* Debug */ = {
			isa = XCBuildConfiguration;
			buildSettings = {
				LD = /usr/bin/true;
				OTHER_SWIFT_FLAGS = "-swift-version 5 -I $(TOOLCHAIN_DIR)/usr/lib/swift/pm/4_2 -target x86_64-apple-macosx10.10 -sdk /Applications/Xcode.app/Contents/Developer/Platforms/MacOSX.platform/Developer/SDKs/MacOSX10.14.sdk";
				SWIFT_VERSION = 5.0;
			};
			name = Debug;
		};
		OBJ_82 /* Release */ = {
			isa = XCBuildConfiguration;
			buildSettings = {
				LD = /usr/bin/true;
				OTHER_SWIFT_FLAGS = "-swift-version 5 -I $(TOOLCHAIN_DIR)/usr/lib/swift/pm/4_2 -target x86_64-apple-macosx10.10 -sdk /Applications/Xcode.app/Contents/Developer/Platforms/MacOSX.platform/Developer/SDKs/MacOSX10.14.sdk";
				SWIFT_VERSION = 5.0;
			};
			name = Release;
		};
		OBJ_87 /* Debug */ = {
			isa = XCBuildConfiguration;
			buildSettings = {
			};
			name = Debug;
		};
		OBJ_88 /* Release */ = {
			isa = XCBuildConfiguration;
			buildSettings = {
			};
			name = Release;
		};
		OBJ_92 /* Debug */ = {
			isa = XCBuildConfiguration;
			buildSettings = {
				CLANG_ENABLE_MODULES = YES;
				EMBEDDED_CONTENT_CONTAINS_SWIFT = YES;
				FRAMEWORK_SEARCH_PATHS = (
					"$(inherited)",
					"$(PLATFORM_DIR)/Developer/Library/Frameworks",
				);
				HEADER_SEARCH_PATHS = "$(inherited)";
				INFOPLIST_FILE = SwiftyFHIR.xcodeproj/SwiftyFHIRTests_Info.plist;
				IPHONEOS_DEPLOYMENT_TARGET = 8.0;
				LD_RUNPATH_SEARCH_PATHS = "$(inherited) @loader_path/../Frameworks @loader_path/Frameworks";
				MACOSX_DEPLOYMENT_TARGET = 10.10;
				OTHER_CFLAGS = "$(inherited)";
				OTHER_LDFLAGS = "$(inherited)";
				OTHER_SWIFT_FLAGS = "$(inherited)";
				SWIFT_ACTIVE_COMPILATION_CONDITIONS = "$(inherited)";
				SWIFT_VERSION = 5.0;
				TARGET_NAME = SwiftyFHIRTests;
				TVOS_DEPLOYMENT_TARGET = 9.0;
				WATCHOS_DEPLOYMENT_TARGET = 2.0;
			};
			name = Debug;
		};
		OBJ_93 /* Release */ = {
			isa = XCBuildConfiguration;
			buildSettings = {
				CLANG_ENABLE_MODULES = YES;
				EMBEDDED_CONTENT_CONTAINS_SWIFT = YES;
				FRAMEWORK_SEARCH_PATHS = (
					"$(inherited)",
					"$(PLATFORM_DIR)/Developer/Library/Frameworks",
				);
				HEADER_SEARCH_PATHS = "$(inherited)";
				INFOPLIST_FILE = SwiftyFHIR.xcodeproj/SwiftyFHIRTests_Info.plist;
				IPHONEOS_DEPLOYMENT_TARGET = 8.0;
				LD_RUNPATH_SEARCH_PATHS = "$(inherited) @loader_path/../Frameworks @loader_path/Frameworks";
				MACOSX_DEPLOYMENT_TARGET = 10.10;
				OTHER_CFLAGS = "$(inherited)";
				OTHER_LDFLAGS = "$(inherited)";
				OTHER_SWIFT_FLAGS = "$(inherited)";
				SWIFT_ACTIVE_COMPILATION_CONDITIONS = "$(inherited)";
				SWIFT_VERSION = 5.0;
				TARGET_NAME = SwiftyFHIRTests;
				TVOS_DEPLOYMENT_TARGET = 9.0;
				WATCHOS_DEPLOYMENT_TARGET = 2.0;
			};
			name = Release;
		};
/* End XCBuildConfiguration section */

/* Begin XCConfigurationList section */
		OBJ_2 /* Build configuration list for PBXProject "SwiftyFHIR" */ = {
			isa = XCConfigurationList;
			buildConfigurations = (
				OBJ_3 /* Debug */,
				OBJ_4 /* Release */,
			);
			defaultConfigurationIsVisible = 0;
			defaultConfigurationName = Release;
		};
		OBJ_49 /* Build configuration list for PBXNativeTarget "SwiftyFHIR" */ = {
			isa = XCConfigurationList;
			buildConfigurations = (
				OBJ_50 /* Debug */,
				OBJ_51 /* Release */,
			);
			defaultConfigurationIsVisible = 0;
			defaultConfigurationName = Release;
		};
		OBJ_80 /* Build configuration list for PBXNativeTarget "SwiftyFHIRPackageDescription" */ = {
			isa = XCConfigurationList;
			buildConfigurations = (
				OBJ_81 /* Debug */,
				OBJ_82 /* Release */,
			);
			defaultConfigurationIsVisible = 0;
			defaultConfigurationName = Release;
		};
		OBJ_86 /* Build configuration list for PBXAggregateTarget "SwiftyFHIRPackageTests" */ = {
			isa = XCConfigurationList;
			buildConfigurations = (
				OBJ_87 /* Debug */,
				OBJ_88 /* Release */,
			);
			defaultConfigurationIsVisible = 0;
			defaultConfigurationName = Release;
		};
		OBJ_91 /* Build configuration list for PBXNativeTarget "SwiftyFHIRTests" */ = {
			isa = XCConfigurationList;
			buildConfigurations = (
				OBJ_92 /* Debug */,
				OBJ_93 /* Release */,
			);
			defaultConfigurationIsVisible = 0;
			defaultConfigurationName = Release;
		};
/* End XCConfigurationList section */
	};
	rootObject = OBJ_1 /* Project object */;
}
