// !$*UTF8*$!
{
	archiveVersion = 1;
	classes = {
	};
	objectVersion = 46;
	objects = {

/* Begin PBXBuildFile section */
		4982869DA3FE291A66A6CA9C /* Pods_SwiftyFHIR_Tests.framework in Frameworks */ = {isa = PBXBuildFile; fileRef = DBFE9EB8067920EB389286B2 /* Pods_SwiftyFHIR_Tests.framework */; };
		607FACEC1AFB9204008FA782 /* Tests.swift in Sources */ = {isa = PBXBuildFile; fileRef = 607FACEB1AFB9204008FA782 /* Tests.swift */; };
		75051DE322E5D4860036ED29 /* STU3 - Condition - acceptable pain.json in Resources */ = {isa = PBXBuildFile; fileRef = 75051DE122E5D2AD0036ED29 /* STU3 - Condition - acceptable pain.json */; };
		75051DE422E5D4860036ED29 /* STU3 - Condition - wound red.json in Resources */ = {isa = PBXBuildFile; fileRef = 75051DE222E5D2AD0036ED29 /* STU3 - Condition - wound red.json */; };
		75051DE522E5D4860036ED29 /* STU3 - Media - wound image.json in Resources */ = {isa = PBXBuildFile; fileRef = 75051DDF22E5D2AD0036ED29 /* STU3 - Media - wound image.json */; };
		75051DE622E5D4860036ED29 /* STU3 - Observation - body temperature.json in Resources */ = {isa = PBXBuildFile; fileRef = 75051DE022E5D2AD0036ED29 /* STU3 - Observation - body temperature.json */; };
		75051DEB22E5E0500036ED29 /* STU3 - Observation - Vital Sign Systolische bloeddruk.json in Resources */ = {isa = PBXBuildFile; fileRef = 75051DE722E5E0500036ED29 /* STU3 - Observation - Vital Sign Systolische bloeddruk.json */; };
		75051DEC22E5E0500036ED29 /* STU3 - Observation - Score list delirium.json in Resources */ = {isa = PBXBuildFile; fileRef = 75051DE822E5E0500036ED29 /* STU3 - Observation - Score list delirium.json */; };
		75051DED22E5E0500036ED29 /* STU3 - Observation - Heart rate.json in Resources */ = {isa = PBXBuildFile; fileRef = 75051DE922E5E0500036ED29 /* STU3 - Observation - Heart rate.json */; };
		75051DEE22E5E0500036ED29 /* STU3 - Observation - Body weight.json in Resources */ = {isa = PBXBuildFile; fileRef = 75051DEA22E5E0500036ED29 /* STU3 - Observation - Body weight.json */; };
		75051E0122E5FAC00036ED29 /* STU3 - media-example-eczema-comprehensive-data.json in Resources */ = {isa = PBXBuildFile; fileRef = 75051DF922E5FAC00036ED29 /* STU3 - media-example-eczema-comprehensive-data.json */; };
		75051E0222E5FAC00036ED29 /* STU3 - Medication-example-duplicate-4.json in Resources */ = {isa = PBXBuildFile; fileRef = 75051DFA22E5FAC00036ED29 /* STU3 - Medication-example-duplicate-4.json */; };
		75051E0322E5FAC00036ED29 /* STU3 - Medication-example-duplicate-2.json in Resources */ = {isa = PBXBuildFile; fileRef = 75051DFB22E5FAC00036ED29 /* STU3 - Medication-example-duplicate-2.json */; };
		75051E0422E5FAC00036ED29 /* STU3 - Medication-example-duplicate-5.json in Resources */ = {isa = PBXBuildFile; fileRef = 75051DFC22E5FAC00036ED29 /* STU3 - Medication-example-duplicate-5.json */; };
		75051E0522E5FAC00036ED29 /* STU3 - Condition-example-duplicate-13.json in Resources */ = {isa = PBXBuildFile; fileRef = 75051DFD22E5FAC00036ED29 /* STU3 - Condition-example-duplicate-13.json */; };
		75051E0622E5FAC00036ED29 /* STU3 - media-example-eczema-minimum-data.json in Resources */ = {isa = PBXBuildFile; fileRef = 75051DFE22E5FAC00036ED29 /* STU3 - media-example-eczema-minimum-data.json */; };
		75051E0722E5FAC00036ED29 /* STU3 - Media-example-duplicate-2.json in Resources */ = {isa = PBXBuildFile; fileRef = 75051DFF22E5FAC00036ED29 /* STU3 - Media-example-duplicate-2.json */; };
		75051E0822E5FAC00036ED29 /* STU3 - Condition-example-duplicate-16.json in Resources */ = {isa = PBXBuildFile; fileRef = 75051E0022E5FAC00036ED29 /* STU3 - Condition-example-duplicate-16.json */; };
		752F25AF2427B07100C3B9AD /* STU3 - Patient - example3.json in Resources */ = {isa = PBXBuildFile; fileRef = 752F25AC2427B07100C3B9AD /* STU3 - Patient - example3.json */; };
		752F25B02427B07100C3B9AD /* STU3 - Patient - example1.json in Resources */ = {isa = PBXBuildFile; fileRef = 752F25AD2427B07100C3B9AD /* STU3 - Patient - example1.json */; };
		752F25B12427B07100C3B9AD /* STU3 - Patient - example2.json in Resources */ = {isa = PBXBuildFile; fileRef = 752F25AE2427B07100C3B9AD /* STU3 - Patient - example2.json */; };
/* End PBXBuildFile section */

/* Begin PBXFileReference section */
		607FACE51AFB9204008FA782 /* SwiftyFHIR_Tests.xctest */ = {isa = PBXFileReference; explicitFileType = wrapper.cfbundle; includeInIndex = 0; path = SwiftyFHIR_Tests.xctest; sourceTree = BUILT_PRODUCTS_DIR; };
		607FACEA1AFB9204008FA782 /* Info.plist */ = {isa = PBXFileReference; lastKnownFileType = text.plist.xml; path = Info.plist; sourceTree = "<group>"; };
		607FACEB1AFB9204008FA782 /* Tests.swift */ = {isa = PBXFileReference; lastKnownFileType = sourcecode.swift; path = Tests.swift; sourceTree = "<group>"; };
		63F4CE182C1E031CD84F88F4 /* README.md */ = {isa = PBXFileReference; includeInIndex = 1; lastKnownFileType = net.daringfireball.markdown; name = README.md; path = ../README.md; sourceTree = "<group>"; };
		75051DDF22E5D2AD0036ED29 /* STU3 - Media - wound image.json */ = {isa = PBXFileReference; lastKnownFileType = text.json; path = "STU3 - Media - wound image.json"; sourceTree = "<group>"; };
		75051DE022E5D2AD0036ED29 /* STU3 - Observation - body temperature.json */ = {isa = PBXFileReference; lastKnownFileType = text.json; path = "STU3 - Observation - body temperature.json"; sourceTree = "<group>"; };
		75051DE122E5D2AD0036ED29 /* STU3 - Condition - acceptable pain.json */ = {isa = PBXFileReference; lastKnownFileType = text.json; path = "STU3 - Condition - acceptable pain.json"; sourceTree = "<group>"; };
		75051DE222E5D2AD0036ED29 /* STU3 - Condition - wound red.json */ = {isa = PBXFileReference; lastKnownFileType = text.json; path = "STU3 - Condition - wound red.json"; sourceTree = "<group>"; };
		75051DE722E5E0500036ED29 /* STU3 - Observation - Vital Sign Systolische bloeddruk.json */ = {isa = PBXFileReference; fileEncoding = 4; lastKnownFileType = text.json; path = "STU3 - Observation - Vital Sign Systolische bloeddruk.json"; sourceTree = "<group>"; };
		75051DE822E5E0500036ED29 /* STU3 - Observation - Score list delirium.json */ = {isa = PBXFileReference; fileEncoding = 4; lastKnownFileType = text.json; path = "STU3 - Observation - Score list delirium.json"; sourceTree = "<group>"; };
		75051DE922E5E0500036ED29 /* STU3 - Observation - Heart rate.json */ = {isa = PBXFileReference; fileEncoding = 4; lastKnownFileType = text.json; path = "STU3 - Observation - Heart rate.json"; sourceTree = "<group>"; };
		75051DEA22E5E0500036ED29 /* STU3 - Observation - Body weight.json */ = {isa = PBXFileReference; fileEncoding = 4; lastKnownFileType = text.json; path = "STU3 - Observation - Body weight.json"; sourceTree = "<group>"; };
		75051DF922E5FAC00036ED29 /* STU3 - media-example-eczema-comprehensive-data.json */ = {isa = PBXFileReference; fileEncoding = 4; lastKnownFileType = text.json; path = "STU3 - media-example-eczema-comprehensive-data.json"; sourceTree = "<group>"; };
		75051DFA22E5FAC00036ED29 /* STU3 - Medication-example-duplicate-4.json */ = {isa = PBXFileReference; fileEncoding = 4; lastKnownFileType = text.json; path = "STU3 - Medication-example-duplicate-4.json"; sourceTree = "<group>"; };
		75051DFB22E5FAC00036ED29 /* STU3 - Medication-example-duplicate-2.json */ = {isa = PBXFileReference; fileEncoding = 4; lastKnownFileType = text.json; path = "STU3 - Medication-example-duplicate-2.json"; sourceTree = "<group>"; };
		75051DFC22E5FAC00036ED29 /* STU3 - Medication-example-duplicate-5.json */ = {isa = PBXFileReference; fileEncoding = 4; lastKnownFileType = text.json; path = "STU3 - Medication-example-duplicate-5.json"; sourceTree = "<group>"; };
		75051DFD22E5FAC00036ED29 /* STU3 - Condition-example-duplicate-13.json */ = {isa = PBXFileReference; fileEncoding = 4; lastKnownFileType = text.json; path = "STU3 - Condition-example-duplicate-13.json"; sourceTree = "<group>"; };
		75051DFE22E5FAC00036ED29 /* STU3 - media-example-eczema-minimum-data.json */ = {isa = PBXFileReference; fileEncoding = 4; lastKnownFileType = text.json; path = "STU3 - media-example-eczema-minimum-data.json"; sourceTree = "<group>"; };
		75051DFF22E5FAC00036ED29 /* STU3 - Media-example-duplicate-2.json */ = {isa = PBXFileReference; fileEncoding = 4; lastKnownFileType = text.json; path = "STU3 - Media-example-duplicate-2.json"; sourceTree = "<group>"; };
		75051E0022E5FAC00036ED29 /* STU3 - Condition-example-duplicate-16.json */ = {isa = PBXFileReference; fileEncoding = 4; lastKnownFileType = text.json; path = "STU3 - Condition-example-duplicate-16.json"; sourceTree = "<group>"; };
		752F25AC2427B07100C3B9AD /* STU3 - Patient - example3.json */ = {isa = PBXFileReference; fileEncoding = 4; lastKnownFileType = text.json; path = "STU3 - Patient - example3.json"; sourceTree = "<group>"; };
		752F25AD2427B07100C3B9AD /* STU3 - Patient - example1.json */ = {isa = PBXFileReference; fileEncoding = 4; lastKnownFileType = text.json; path = "STU3 - Patient - example1.json"; sourceTree = "<group>"; };
		752F25AE2427B07100C3B9AD /* STU3 - Patient - example2.json */ = {isa = PBXFileReference; fileEncoding = 4; lastKnownFileType = text.json; path = "STU3 - Patient - example2.json"; sourceTree = "<group>"; };
		82A2B960420F590604E30F8E /* SwiftyFHIR.podspec */ = {isa = PBXFileReference; includeInIndex = 1; lastKnownFileType = text; name = SwiftyFHIR.podspec; path = ../SwiftyFHIR.podspec; sourceTree = "<group>"; xcLanguageSpecificationIdentifier = xcode.lang.ruby; };
		92AE8B4B23A6E78E431AC5A1 /* LICENSE */ = {isa = PBXFileReference; includeInIndex = 1; lastKnownFileType = text; name = LICENSE; path = ../LICENSE; sourceTree = "<group>"; };
		DBFE9EB8067920EB389286B2 /* Pods_SwiftyFHIR_Tests.framework */ = {isa = PBXFileReference; explicitFileType = wrapper.framework; includeInIndex = 0; path = Pods_SwiftyFHIR_Tests.framework; sourceTree = BUILT_PRODUCTS_DIR; };
		EE8026A3B6FA7823DAF678D2 /* Pods-SwiftyFHIR_Tests.debug.xcconfig */ = {isa = PBXFileReference; includeInIndex = 1; lastKnownFileType = text.xcconfig; name = "Pods-SwiftyFHIR_Tests.debug.xcconfig"; path = "Target Support Files/Pods-SwiftyFHIR_Tests/Pods-SwiftyFHIR_Tests.debug.xcconfig"; sourceTree = "<group>"; };
		F8A13846921A754D1F5FEFD7 /* Pods-SwiftyFHIR_Tests.release.xcconfig */ = {isa = PBXFileReference; includeInIndex = 1; lastKnownFileType = text.xcconfig; name = "Pods-SwiftyFHIR_Tests.release.xcconfig"; path = "Target Support Files/Pods-SwiftyFHIR_Tests/Pods-SwiftyFHIR_Tests.release.xcconfig"; sourceTree = "<group>"; };
/* End PBXFileReference section */

/* Begin PBXFrameworksBuildPhase section */
		607FACE21AFB9204008FA782 /* Frameworks */ = {
			isa = PBXFrameworksBuildPhase;
			buildActionMask = 2147483647;
			files = (
				4982869DA3FE291A66A6CA9C /* Pods_SwiftyFHIR_Tests.framework in Frameworks */,
			);
			runOnlyForDeploymentPostprocessing = 0;
		};
/* End PBXFrameworksBuildPhase section */

/* Begin PBXGroup section */
		2BF3833A23E85D73D3E7DCBE /* Frameworks */ = {
			isa = PBXGroup;
			children = (
				DBFE9EB8067920EB389286B2 /* Pods_SwiftyFHIR_Tests.framework */,
			);
			name = Frameworks;
			sourceTree = "<group>";
		};
		607FACC71AFB9204008FA782 = {
			isa = PBXGroup;
			children = (
				607FACF51AFB993E008FA782 /* Podspec Metadata */,
				607FACE81AFB9204008FA782 /* Tests */,
				607FACD11AFB9204008FA782 /* Products */,
				FD65257F05EDB3211D3CF943 /* Pods */,
				2BF3833A23E85D73D3E7DCBE /* Frameworks */,
			);
			sourceTree = "<group>";
		};
		607FACD11AFB9204008FA782 /* Products */ = {
			isa = PBXGroup;
			children = (
				607FACE51AFB9204008FA782 /* SwiftyFHIR_Tests.xctest */,
			);
			name = Products;
			sourceTree = "<group>";
		};
		607FACE81AFB9204008FA782 /* Tests */ = {
			isa = PBXGroup;
			children = (
				607FACEB1AFB9204008FA782 /* Tests.swift */,
				607FACE91AFB9204008FA782 /* Supporting Files */,
			);
			path = Tests;
			sourceTree = "<group>";
		};
		607FACE91AFB9204008FA782 /* Supporting Files */ = {
			isa = PBXGroup;
			children = (
				75051DEA22E5E0500036ED29 /* STU3 - Observation - Body weight.json */,
				75051DE922E5E0500036ED29 /* STU3 - Observation - Heart rate.json */,
				75051DE822E5E0500036ED29 /* STU3 - Observation - Score list delirium.json */,
				75051DE722E5E0500036ED29 /* STU3 - Observation - Vital Sign Systolische bloeddruk.json */,
				75051DE022E5D2AD0036ED29 /* STU3 - Observation - body temperature.json */,
				75051DE122E5D2AD0036ED29 /* STU3 - Condition - acceptable pain.json */,
				75051DE222E5D2AD0036ED29 /* STU3 - Condition - wound red.json */,
				75051DFD22E5FAC00036ED29 /* STU3 - Condition-example-duplicate-13.json */,
				75051E0022E5FAC00036ED29 /* STU3 - Condition-example-duplicate-16.json */,
				75051DDF22E5D2AD0036ED29 /* STU3 - Media - wound image.json */,
				75051DFF22E5FAC00036ED29 /* STU3 - Media-example-duplicate-2.json */,
				75051DF922E5FAC00036ED29 /* STU3 - media-example-eczema-comprehensive-data.json */,
				75051DFE22E5FAC00036ED29 /* STU3 - media-example-eczema-minimum-data.json */,
				75051DFB22E5FAC00036ED29 /* STU3 - Medication-example-duplicate-2.json */,
				75051DFA22E5FAC00036ED29 /* STU3 - Medication-example-duplicate-4.json */,
				75051DFC22E5FAC00036ED29 /* STU3 - Medication-example-duplicate-5.json */,
				752F25AD2427B07100C3B9AD /* STU3 - Patient - example1.json */,
				752F25AE2427B07100C3B9AD /* STU3 - Patient - example2.json */,
				752F25AC2427B07100C3B9AD /* STU3 - Patient - example3.json */,
				607FACEA1AFB9204008FA782 /* Info.plist */,
			);
			name = "Supporting Files";
			sourceTree = "<group>";
		};
		607FACF51AFB993E008FA782 /* Podspec Metadata */ = {
			isa = PBXGroup;
			children = (
				82A2B960420F590604E30F8E /* SwiftyFHIR.podspec */,
				63F4CE182C1E031CD84F88F4 /* README.md */,
				92AE8B4B23A6E78E431AC5A1 /* LICENSE */,
			);
			name = "Podspec Metadata";
			sourceTree = "<group>";
		};
		FD65257F05EDB3211D3CF943 /* Pods */ = {
			isa = PBXGroup;
			children = (
				EE8026A3B6FA7823DAF678D2 /* Pods-SwiftyFHIR_Tests.debug.xcconfig */,
				F8A13846921A754D1F5FEFD7 /* Pods-SwiftyFHIR_Tests.release.xcconfig */,
			);
			path = Pods;
			sourceTree = "<group>";
		};
/* End PBXGroup section */

/* Begin PBXNativeTarget section */
		607FACE41AFB9204008FA782 /* SwiftyFHIR_Tests */ = {
			isa = PBXNativeTarget;
			buildConfigurationList = 607FACF21AFB9204008FA782 /* Build configuration list for PBXNativeTarget "SwiftyFHIR_Tests" */;
			buildPhases = (
				748C28414FC6E929C8329DCF /* [CP] Check Pods Manifest.lock */,
				607FACE11AFB9204008FA782 /* Sources */,
				607FACE21AFB9204008FA782 /* Frameworks */,
				607FACE31AFB9204008FA782 /* Resources */,
				6791AD889D935041F338E907 /* [CP] Embed Pods Frameworks */,
			);
			buildRules = (
			);
			dependencies = (
			);
			name = SwiftyFHIR_Tests;
			productName = Tests;
			productReference = 607FACE51AFB9204008FA782 /* SwiftyFHIR_Tests.xctest */;
			productType = "com.apple.product-type.bundle.unit-test";
		};
/* End PBXNativeTarget section */

/* Begin PBXProject section */
		607FACC81AFB9204008FA782 /* Project object */ = {
			isa = PBXProject;
			attributes = {
				LastSwiftUpdateCheck = 0830;
				LastUpgradeCheck = 0830;
				ORGANIZATIONNAME = CocoaPods;
				TargetAttributes = {
					607FACE41AFB9204008FA782 = {
						CreatedOnToolsVersion = 6.3.1;
						DevelopmentTeam = XQE4586RJ8;
						LastSwiftMigration = 0900;
					};
				};
			};
			buildConfigurationList = 607FACCB1AFB9204008FA782 /* Build configuration list for PBXProject "SwiftyFHIR" */;
			compatibilityVersion = "Xcode 3.2";
			developmentRegion = English;
			hasScannedForEncodings = 0;
			knownRegions = (
				English,
				en,
				Base,
			);
			mainGroup = 607FACC71AFB9204008FA782;
			productRefGroup = 607FACD11AFB9204008FA782 /* Products */;
			projectDirPath = "";
			projectRoot = "";
			targets = (
				607FACE41AFB9204008FA782 /* SwiftyFHIR_Tests */,
			);
		};
/* End PBXProject section */

/* Begin PBXResourcesBuildPhase section */
		607FACE31AFB9204008FA782 /* Resources */ = {
			isa = PBXResourcesBuildPhase;
			buildActionMask = 2147483647;
			files = (
				75051E0322E5FAC00036ED29 /* STU3 - Medication-example-duplicate-2.json in Resources */,
				75051DEE22E5E0500036ED29 /* STU3 - Observation - Body weight.json in Resources */,
				75051E0522E5FAC00036ED29 /* STU3 - Condition-example-duplicate-13.json in Resources */,
				75051E0222E5FAC00036ED29 /* STU3 - Medication-example-duplicate-4.json in Resources */,
				752F25B12427B07100C3B9AD /* STU3 - Patient - example2.json in Resources */,
				75051E0122E5FAC00036ED29 /* STU3 - media-example-eczema-comprehensive-data.json in Resources */,
				75051DE622E5D4860036ED29 /* STU3 - Observation - body temperature.json in Resources */,
				75051DED22E5E0500036ED29 /* STU3 - Observation - Heart rate.json in Resources */,
				75051E0422E5FAC00036ED29 /* STU3 - Medication-example-duplicate-5.json in Resources */,
				75051DE422E5D4860036ED29 /* STU3 - Condition - wound red.json in Resources */,
				752F25AF2427B07100C3B9AD /* STU3 - Patient - example3.json in Resources */,
				75051E0722E5FAC00036ED29 /* STU3 - Media-example-duplicate-2.json in Resources */,
				752F25B02427B07100C3B9AD /* STU3 - Patient - example1.json in Resources */,
				75051E0822E5FAC00036ED29 /* STU3 - Condition-example-duplicate-16.json in Resources */,
				75051DEB22E5E0500036ED29 /* STU3 - Observation - Vital Sign Systolische bloeddruk.json in Resources */,
				75051E0622E5FAC00036ED29 /* STU3 - media-example-eczema-minimum-data.json in Resources */,
				75051DE322E5D4860036ED29 /* STU3 - Condition - acceptable pain.json in Resources */,
				75051DE522E5D4860036ED29 /* STU3 - Media - wound image.json in Resources */,
				75051DEC22E5E0500036ED29 /* STU3 - Observation - Score list delirium.json in Resources */,
			);
			runOnlyForDeploymentPostprocessing = 0;
		};
/* End PBXResourcesBuildPhase section */

/* Begin PBXShellScriptBuildPhase section */
		6791AD889D935041F338E907 /* [CP] Embed Pods Frameworks */ = {
			isa = PBXShellScriptBuildPhase;
			buildActionMask = 2147483647;
			files = (
			);
			inputPaths = (
				"${PODS_ROOT}/Target Support Files/Pods-SwiftyFHIR_Tests/Pods-SwiftyFHIR_Tests-frameworks.sh",
				"${BUILT_PRODUCTS_DIR}/SwiftyFHIR/SwiftyFHIR.framework",
			);
			name = "[CP] Embed Pods Frameworks";
			outputPaths = (
				"${TARGET_BUILD_DIR}/${FRAMEWORKS_FOLDER_PATH}/SwiftyFHIR.framework",
			);
			runOnlyForDeploymentPostprocessing = 0;
			shellPath = /bin/sh;
			shellScript = "\"${PODS_ROOT}/Target Support Files/Pods-SwiftyFHIR_Tests/Pods-SwiftyFHIR_Tests-frameworks.sh\"\n";
			showEnvVarsInLog = 0;
		};
		748C28414FC6E929C8329DCF /* [CP] Check Pods Manifest.lock */ = {
			isa = PBXShellScriptBuildPhase;
			buildActionMask = 2147483647;
			files = (
			);
			inputFileListPaths = (
			);
			inputPaths = (
				"${PODS_PODFILE_DIR_PATH}/Podfile.lock",
				"${PODS_ROOT}/Manifest.lock",
			);
			name = "[CP] Check Pods Manifest.lock";
			outputFileListPaths = (
			);
			outputPaths = (
				"$(DERIVED_FILE_DIR)/Pods-SwiftyFHIR_Tests-checkManifestLockResult.txt",
			);
			runOnlyForDeploymentPostprocessing = 0;
			shellPath = /bin/sh;
			shellScript = "diff \"${PODS_PODFILE_DIR_PATH}/Podfile.lock\" \"${PODS_ROOT}/Manifest.lock\" > /dev/null\nif [ $? != 0 ] ; then\n    # print error to STDERR\n    echo \"error: The sandbox is not in sync with the Podfile.lock. Run 'pod install' or update your CocoaPods installation.\" >&2\n    exit 1\nfi\n# This output is used by Xcode 'outputs' to avoid re-running this script phase.\necho \"SUCCESS\" > \"${SCRIPT_OUTPUT_FILE_0}\"\n";
			showEnvVarsInLog = 0;
		};
/* End PBXShellScriptBuildPhase section */

/* Begin PBXSourcesBuildPhase section */
		607FACE11AFB9204008FA782 /* Sources */ = {
			isa = PBXSourcesBuildPhase;
			buildActionMask = 2147483647;
			files = (
				607FACEC1AFB9204008FA782 /* Tests.swift in Sources */,
			);
			runOnlyForDeploymentPostprocessing = 0;
		};
/* End PBXSourcesBuildPhase section */

/* Begin XCBuildConfiguration section */
		607FACED1AFB9204008FA782 /* Debug */ = {
			isa = XCBuildConfiguration;
			buildSettings = {
				ALWAYS_SEARCH_USER_PATHS = NO;
				CLANG_CXX_LANGUAGE_STANDARD = "gnu++0x";
				CLANG_CXX_LIBRARY = "libc++";
				CLANG_ENABLE_MODULES = YES;
				CLANG_ENABLE_OBJC_ARC = YES;
				CLANG_WARN_BLOCK_CAPTURE_AUTORELEASING = YES;
				CLANG_WARN_BOOL_CONVERSION = YES;
				CLANG_WARN_COMMA = YES;
				CLANG_WARN_CONSTANT_CONVERSION = YES;
				CLANG_WARN_DIRECT_OBJC_ISA_USAGE = YES_ERROR;
				CLANG_WARN_EMPTY_BODY = YES;
				CLANG_WARN_ENUM_CONVERSION = YES;
				CLANG_WARN_INFINITE_RECURSION = YES;
				CLANG_WARN_INT_CONVERSION = YES;
				CLANG_WARN_NON_LITERAL_NULL_CONVERSION = YES;
				CLANG_WARN_OBJC_LITERAL_CONVERSION = YES;
				CLANG_WARN_OBJC_ROOT_CLASS = YES_ERROR;
				CLANG_WARN_RANGE_LOOP_ANALYSIS = YES;
				CLANG_WARN_STRICT_PROTOTYPES = YES;
				CLANG_WARN_SUSPICIOUS_MOVE = YES;
				CLANG_WARN_UNREACHABLE_CODE = YES;
				CLANG_WARN__DUPLICATE_METHOD_MATCH = YES;
				"CODE_SIGN_IDENTITY[sdk=iphoneos*]" = "iPhone Developer";
				COPY_PHASE_STRIP = NO;
				DEBUG_INFORMATION_FORMAT = "dwarf-with-dsym";
				ENABLE_STRICT_OBJC_MSGSEND = YES;
				ENABLE_TESTABILITY = YES;
				GCC_C_LANGUAGE_STANDARD = gnu99;
				GCC_DYNAMIC_NO_PIC = NO;
				GCC_NO_COMMON_BLOCKS = YES;
				GCC_OPTIMIZATION_LEVEL = 0;
				GCC_PREPROCESSOR_DEFINITIONS = (
					"DEBUG=1",
					"$(inherited)",
				);
				GCC_SYMBOLS_PRIVATE_EXTERN = NO;
				GCC_WARN_64_TO_32_BIT_CONVERSION = YES;
				GCC_WARN_ABOUT_RETURN_TYPE = YES_ERROR;
				GCC_WARN_UNDECLARED_SELECTOR = YES;
				GCC_WARN_UNINITIALIZED_AUTOS = YES_AGGRESSIVE;
				GCC_WARN_UNUSED_FUNCTION = YES;
				GCC_WARN_UNUSED_VARIABLE = YES;
				IPHONEOS_DEPLOYMENT_TARGET = 9.3;
				MTL_ENABLE_DEBUG_INFO = YES;
				ONLY_ACTIVE_ARCH = YES;
				SDKROOT = iphoneos;
				SWIFT_OPTIMIZATION_LEVEL = "-Onone";
				SWIFT_VERSION = 5.0;
			};
			name = Debug;
		};
		607FACEE1AFB9204008FA782 /* Release */ = {
			isa = XCBuildConfiguration;
			buildSettings = {
				ALWAYS_SEARCH_USER_PATHS = NO;
				CLANG_CXX_LANGUAGE_STANDARD = "gnu++0x";
				CLANG_CXX_LIBRARY = "libc++";
				CLANG_ENABLE_MODULES = YES;
				CLANG_ENABLE_OBJC_ARC = YES;
				CLANG_WARN_BLOCK_CAPTURE_AUTORELEASING = YES;
				CLANG_WARN_BOOL_CONVERSION = YES;
				CLANG_WARN_COMMA = YES;
				CLANG_WARN_CONSTANT_CONVERSION = YES;
				CLANG_WARN_DIRECT_OBJC_ISA_USAGE = YES_ERROR;
				CLANG_WARN_EMPTY_BODY = YES;
				CLANG_WARN_ENUM_CONVERSION = YES;
				CLANG_WARN_INFINITE_RECURSION = YES;
				CLANG_WARN_INT_CONVERSION = YES;
				CLANG_WARN_NON_LITERAL_NULL_CONVERSION = YES;
				CLANG_WARN_OBJC_LITERAL_CONVERSION = YES;
				CLANG_WARN_OBJC_ROOT_CLASS = YES_ERROR;
				CLANG_WARN_RANGE_LOOP_ANALYSIS = YES;
				CLANG_WARN_STRICT_PROTOTYPES = YES;
				CLANG_WARN_SUSPICIOUS_MOVE = YES;
				CLANG_WARN_UNREACHABLE_CODE = YES;
				CLANG_WARN__DUPLICATE_METHOD_MATCH = YES;
				"CODE_SIGN_IDENTITY[sdk=iphoneos*]" = "iPhone Developer";
				COPY_PHASE_STRIP = NO;
				DEBUG_INFORMATION_FORMAT = "dwarf-with-dsym";
				ENABLE_NS_ASSERTIONS = NO;
				ENABLE_STRICT_OBJC_MSGSEND = YES;
				GCC_C_LANGUAGE_STANDARD = gnu99;
				GCC_NO_COMMON_BLOCKS = YES;
				GCC_WARN_64_TO_32_BIT_CONVERSION = YES;
				GCC_WARN_ABOUT_RETURN_TYPE = YES_ERROR;
				GCC_WARN_UNDECLARED_SELECTOR = YES;
				GCC_WARN_UNINITIALIZED_AUTOS = YES_AGGRESSIVE;
				GCC_WARN_UNUSED_FUNCTION = YES;
				GCC_WARN_UNUSED_VARIABLE = YES;
				IPHONEOS_DEPLOYMENT_TARGET = 9.3;
				MTL_ENABLE_DEBUG_INFO = NO;
				SDKROOT = iphoneos;
				SWIFT_OPTIMIZATION_LEVEL = "-Owholemodule";
				SWIFT_VERSION = 5.0;
				VALIDATE_PRODUCT = YES;
			};
			name = Release;
		};
		607FACF31AFB9204008FA782 /* Debug */ = {
			isa = XCBuildConfiguration;
			baseConfigurationReference = EE8026A3B6FA7823DAF678D2 /* Pods-SwiftyFHIR_Tests.debug.xcconfig */;
			buildSettings = {
				DEVELOPMENT_TEAM = XQE4586RJ8;
				FRAMEWORK_SEARCH_PATHS = (
					"$(PLATFORM_DIR)/Developer/Library/Frameworks",
					"$(inherited)",
				);
				GCC_PREPROCESSOR_DEFINITIONS = (
					"DEBUG=1",
					"$(inherited)",
				);
				INFOPLIST_FILE = Tests/Info.plist;
				LD_RUNPATH_SEARCH_PATHS = "$(inherited) @executable_path/Frameworks @loader_path/Frameworks";
				PRODUCT_BUNDLE_IDENTIFIER = "org.cocoapods.$(PRODUCT_NAME:rfc1034identifier)";
				PRODUCT_NAME = "$(TARGET_NAME)";
				SWIFT_SWIFT3_OBJC_INFERENCE = Default;
				SWIFT_VERSION = 5.0;
			};
			name = Debug;
		};
		607FACF41AFB9204008FA782 /* Release */ = {
			isa = XCBuildConfiguration;
			baseConfigurationReference = F8A13846921A754D1F5FEFD7 /* Pods-SwiftyFHIR_Tests.release.xcconfig */;
			buildSettings = {
				DEVELOPMENT_TEAM = XQE4586RJ8;
				FRAMEWORK_SEARCH_PATHS = (
					"$(PLATFORM_DIR)/Developer/Library/Frameworks",
					"$(inherited)",
				);
				INFOPLIST_FILE = Tests/Info.plist;
				LD_RUNPATH_SEARCH_PATHS = "$(inherited) @executable_path/Frameworks @loader_path/Frameworks";
				PRODUCT_BUNDLE_IDENTIFIER = "org.cocoapods.$(PRODUCT_NAME:rfc1034identifier)";
				PRODUCT_NAME = "$(TARGET_NAME)";
				SWIFT_SWIFT3_OBJC_INFERENCE = Default;
				SWIFT_VERSION = 5.0;
			};
			name = Release;
		};
/* End XCBuildConfiguration section */

/* Begin XCConfigurationList section */
		607FACCB1AFB9204008FA782 /* Build configuration list for PBXProject "SwiftyFHIR" */ = {
			isa = XCConfigurationList;
			buildConfigurations = (
				607FACED1AFB9204008FA782 /* Debug */,
				607FACEE1AFB9204008FA782 /* Release */,
			);
			defaultConfigurationIsVisible = 0;
			defaultConfigurationName = Release;
		};
		607FACF21AFB9204008FA782 /* Build configuration list for PBXNativeTarget "SwiftyFHIR_Tests" */ = {
			isa = XCConfigurationList;
			buildConfigurations = (
				607FACF31AFB9204008FA782 /* Debug */,
				607FACF41AFB9204008FA782 /* Release */,
			);
			defaultConfigurationIsVisible = 0;
			defaultConfigurationName = Release;
		};
/* End XCConfigurationList section */
	};
	rootObject = 607FACC81AFB9204008FA782 /* Project object */;
}
